// !$*UTF8*$!
{
	archiveVersion = 1;
	classes = {
	};
	objectVersion = 56;
	objects = {

/* Begin PBXBuildFile section */
		2E680DA82A0CCECE0014C4E6 /* WondersApp.swift in Sources */ = {isa = PBXBuildFile; fileRef = 2E680DA72A0CCECE0014C4E6 /* WondersApp.swift */; };
		2E680DAF2A0CCED00014C4E6 /* Preview Assets.xcassets in Resources */ = {isa = PBXBuildFile; fileRef = 2E680DAE2A0CCED00014C4E6 /* Preview Assets.xcassets */; };
		2E680DB82A0CCF2E0014C4E6 /* Assets.xcassets in Resources */ = {isa = PBXBuildFile; fileRef = 2E680DB72A0CCF2E0014C4E6 /* Assets.xcassets */; };
		2E680DBB2A0CCF480014C4E6 /* LocationDataService.swift in Sources */ = {isa = PBXBuildFile; fileRef = 2E680DBA2A0CCF480014C4E6 /* LocationDataService.swift */; };
		2E680DBE2A0CCF640014C4E6 /* Location.swift in Sources */ = {isa = PBXBuildFile; fileRef = 2E680DBD2A0CCF640014C4E6 /* Location.swift */; };
		2E680DC52A0CCF920014C4E6 /* LocationDetailView.swift in Sources */ = {isa = PBXBuildFile; fileRef = 2E680DC02A0CCF920014C4E6 /* LocationDetailView.swift */; };
		2E680DC62A0CCF920014C4E6 /* LocationsView.swift in Sources */ = {isa = PBXBuildFile; fileRef = 2E680DC12A0CCF920014C4E6 /* LocationsView.swift */; };
		2E680DC72A0CCF920014C4E6 /* LocationsListView.swift in Sources */ = {isa = PBXBuildFile; fileRef = 2E680DC22A0CCF920014C4E6 /* LocationsListView.swift */; };
		2E680DC82A0CCF920014C4E6 /* LocationPreviewView.swift in Sources */ = {isa = PBXBuildFile; fileRef = 2E680DC32A0CCF920014C4E6 /* LocationPreviewView.swift */; };
		2E680DC92A0CCF920014C4E6 /* LocationMapAnnotationView.swift in Sources */ = {isa = PBXBuildFile; fileRef = 2E680DC42A0CCF920014C4E6 /* LocationMapAnnotationView.swift */; };
		2E680DCC2A0CCFB40014C4E6 /* LocationViewModel.swift in Sources */ = {isa = PBXBuildFile; fileRef = 2E680DCB2A0CCFB40014C4E6 /* LocationViewModel.swift */; };
/* End PBXBuildFile section */

/* Begin PBXFileReference section */
		2E680DA42A0CCECE0014C4E6 /* Wonders.app */ = {isa = PBXFileReference; explicitFileType = wrapper.application; includeInIndex = 0; path = Wonders.app; sourceTree = BUILT_PRODUCTS_DIR; };
		2E680DA72A0CCECE0014C4E6 /* WondersApp.swift */ = {isa = PBXFileReference; lastKnownFileType = sourcecode.swift; path = WondersApp.swift; sourceTree = "<group>"; };
		2E680DAE2A0CCED00014C4E6 /* Preview Assets.xcassets */ = {isa = PBXFileReference; lastKnownFileType = folder.assetcatalog; path = "Preview Assets.xcassets"; sourceTree = "<group>"; };
		2E680DB72A0CCF2E0014C4E6 /* Assets.xcassets */ = {isa = PBXFileReference; lastKnownFileType = folder.assetcatalog; name = Assets.xcassets; path = "../../../Documents/DP/Apple India/Apple India/Assets.xcassets"; sourceTree = "<group>"; };
		2E680DBA2A0CCF480014C4E6 /* LocationDataService.swift */ = {isa = PBXFileReference; lastKnownFileType = sourcecode.swift; path = LocationDataService.swift; sourceTree = "<group>"; };
		2E680DBD2A0CCF640014C4E6 /* Location.swift */ = {isa = PBXFileReference; lastKnownFileType = sourcecode.swift; path = Location.swift; sourceTree = "<group>"; };
		2E680DC02A0CCF920014C4E6 /* LocationDetailView.swift */ = {isa = PBXFileReference; fileEncoding = 4; lastKnownFileType = sourcecode.swift; path = LocationDetailView.swift; sourceTree = "<group>"; };
		2E680DC12A0CCF920014C4E6 /* LocationsView.swift */ = {isa = PBXFileReference; fileEncoding = 4; lastKnownFileType = sourcecode.swift; path = LocationsView.swift; sourceTree = "<group>"; };
		2E680DC22A0CCF920014C4E6 /* LocationsListView.swift */ = {isa = PBXFileReference; fileEncoding = 4; lastKnownFileType = sourcecode.swift; path = LocationsListView.swift; sourceTree = "<group>"; };
		2E680DC32A0CCF920014C4E6 /* LocationPreviewView.swift */ = {isa = PBXFileReference; fileEncoding = 4; lastKnownFileType = sourcecode.swift; path = LocationPreviewView.swift; sourceTree = "<group>"; };
		2E680DC42A0CCF920014C4E6 /* LocationMapAnnotationView.swift */ = {isa = PBXFileReference; fileEncoding = 4; lastKnownFileType = sourcecode.swift; path = LocationMapAnnotationView.swift; sourceTree = "<group>"; };
		2E680DCB2A0CCFB40014C4E6 /* LocationViewModel.swift */ = {isa = PBXFileReference; lastKnownFileType = sourcecode.swift; path = LocationViewModel.swift; sourceTree = "<group>"; };
/* End PBXFileReference section */

/* Begin PBXFrameworksBuildPhase section */
		2E680DA12A0CCECE0014C4E6 /* Frameworks */ = {
			isa = PBXFrameworksBuildPhase;
			buildActionMask = 2147483647;
			files = (
			);
			runOnlyForDeploymentPostprocessing = 0;
		};
/* End PBXFrameworksBuildPhase section */

/* Begin PBXGroup section */
		2E680D9B2A0CCECE0014C4E6 = {
			isa = PBXGroup;
			children = (
				2E680DA62A0CCECE0014C4E6 /* Wonders */,
				2E680DA52A0CCECE0014C4E6 /* Products */,
			);
			sourceTree = "<group>";
		};
		2E680DA52A0CCECE0014C4E6 /* Products */ = {
			isa = PBXGroup;
			children = (
				2E680DA42A0CCECE0014C4E6 /* Wonders.app */,
			);
			name = Products;
			sourceTree = "<group>";
		};
		2E680DA62A0CCECE0014C4E6 /* Wonders */ = {
			isa = PBXGroup;
			children = (
				2E680DA72A0CCECE0014C4E6 /* WondersApp.swift */,
				2E680DBC2A0CCF570014C4E6 /* Model */,
				2E680DBF2A0CCF800014C4E6 /* View */,
				2E680DCA2A0CCFAC0014C4E6 /* ViewModel */,
				2E680DB92A0CCF3C0014C4E6 /* DataService */,
				2E680DB72A0CCF2E0014C4E6 /* Assets.xcassets */,
				2E680DAD2A0CCED00014C4E6 /* Preview Content */,
			);
			path = Wonders;
			sourceTree = "<group>";
		};
		2E680DAD2A0CCED00014C4E6 /* Preview Content */ = {
			isa = PBXGroup;
			children = (
				2E680DAE2A0CCED00014C4E6 /* Preview Assets.xcassets */,
			);
			path = "Preview Content";
			sourceTree = "<group>";
		};
		2E680DB92A0CCF3C0014C4E6 /* DataService */ = {
			isa = PBXGroup;
			children = (
				2E680DBA2A0CCF480014C4E6 /* LocationDataService.swift */,
			);
			path = DataService;
			sourceTree = "<group>";
		};
		2E680DBC2A0CCF570014C4E6 /* Model */ = {
			isa = PBXGroup;
			children = (
				2E680DBD2A0CCF640014C4E6 /* Location.swift */,
			);
			path = Model;
			sourceTree = "<group>";
		};
		2E680DBF2A0CCF800014C4E6 /* View */ = {
			isa = PBXGroup;
			children = (
				2E680DC02A0CCF920014C4E6 /* LocationDetailView.swift */,
				2E680DC42A0CCF920014C4E6 /* LocationMapAnnotationView.swift */,
				2E680DC32A0CCF920014C4E6 /* LocationPreviewView.swift */,
				2E680DC22A0CCF920014C4E6 /* LocationsListView.swift */,
				2E680DC12A0CCF920014C4E6 /* LocationsView.swift */,
			);
			path = View;
			sourceTree = "<group>";
		};
		2E680DCA2A0CCFAC0014C4E6 /* ViewModel */ = {
			isa = PBXGroup;
			children = (
				2E680DCB2A0CCFB40014C4E6 /* LocationViewModel.swift */,
			);
			path = ViewModel;
			sourceTree = "<group>";
		};
/* End PBXGroup section */

/* Begin PBXNativeTarget section */
		2E680DA32A0CCECE0014C4E6 /* Wonders */ = {
			isa = PBXNativeTarget;
			buildConfigurationList = 2E680DB22A0CCED00014C4E6 /* Build configuration list for PBXNativeTarget "Wonders" */;
			buildPhases = (
				2E680DA02A0CCECE0014C4E6 /* Sources */,
				2E680DA12A0CCECE0014C4E6 /* Frameworks */,
				2E680DA22A0CCECE0014C4E6 /* Resources */,
			);
			buildRules = (
			);
			dependencies = (
			);
			name = Wonders;
			productName = Wonders;
			productReference = 2E680DA42A0CCECE0014C4E6 /* Wonders.app */;
			productType = "com.apple.product-type.application";
		};
/* End PBXNativeTarget section */

/* Begin PBXProject section */
		2E680D9C2A0CCECE0014C4E6 /* Project object */ = {
			isa = PBXProject;
			attributes = {
				BuildIndependentTargetsInParallel = 1;
				LastSwiftUpdateCheck = 1430;
				LastUpgradeCheck = 1430;
				TargetAttributes = {
					2E680DA32A0CCECE0014C4E6 = {
						CreatedOnToolsVersion = 14.3;
					};
				};
			};
			buildConfigurationList = 2E680D9F2A0CCECE0014C4E6 /* Build configuration list for PBXProject "Wonders" */;
			compatibilityVersion = "Xcode 14.0";
			developmentRegion = en;
			hasScannedForEncodings = 0;
			knownRegions = (
				en,
				Base,
			);
			mainGroup = 2E680D9B2A0CCECE0014C4E6;
			productRefGroup = 2E680DA52A0CCECE0014C4E6 /* Products */;
			projectDirPath = "";
			projectRoot = "";
			targets = (
				2E680DA32A0CCECE0014C4E6 /* Wonders */,
			);
		};
/* End PBXProject section */

/* Begin PBXResourcesBuildPhase section */
		2E680DA22A0CCECE0014C4E6 /* Resources */ = {
			isa = PBXResourcesBuildPhase;
			buildActionMask = 2147483647;
			files = (
				2E680DAF2A0CCED00014C4E6 /* Preview Assets.xcassets in Resources */,
				2E680DB82A0CCF2E0014C4E6 /* Assets.xcassets in Resources */,
			);
			runOnlyForDeploymentPostprocessing = 0;
		};
/* End PBXResourcesBuildPhase section */

/* Begin PBXSourcesBuildPhase section */
		2E680DA02A0CCECE0014C4E6 /* Sources */ = {
			isa = PBXSourcesBuildPhase;
			buildActionMask = 2147483647;
			files = (
				2E680DC92A0CCF920014C4E6 /* LocationMapAnnotationView.swift in Sources */,
				2E680DC72A0CCF920014C4E6 /* LocationsListView.swift in Sources */,
				2E680DCC2A0CCFB40014C4E6 /* LocationViewModel.swift in Sources */,
				2E680DC82A0CCF920014C4E6 /* LocationPreviewView.swift in Sources */,
				2E680DA82A0CCECE0014C4E6 /* WondersApp.swift in Sources */,
				2E680DBE2A0CCF640014C4E6 /* Location.swift in Sources */,
				2E680DC62A0CCF920014C4E6 /* LocationsView.swift in Sources */,
				2E680DC52A0CCF920014C4E6 /* LocationDetailView.swift in Sources */,
				2E680DBB2A0CCF480014C4E6 /* LocationDataService.swift in Sources */,
			);
			runOnlyForDeploymentPostprocessing = 0;
		};
/* End PBXSourcesBuildPhase section */

/* Begin XCBuildConfiguration section */
		2E680DB02A0CCED00014C4E6 /* Debug */ = {
			isa = XCBuildConfiguration;
			buildSettings = {
				ALWAYS_SEARCH_USER_PATHS = NO;
				CLANG_ANALYZER_NONNULL = YES;
				CLANG_ANALYZER_NUMBER_OBJECT_CONVERSION = YES_AGGRESSIVE;
				CLANG_CXX_LANGUAGE_STANDARD = "gnu++20";
				CLANG_ENABLE_MODULES = YES;
				CLANG_ENABLE_OBJC_ARC = YES;
				CLANG_ENABLE_OBJC_WEAK = YES;
				CLANG_WARN_BLOCK_CAPTURE_AUTORELEASING = YES;
				CLANG_WARN_BOOL_CONVERSION = YES;
				CLANG_WARN_COMMA = YES;
				CLANG_WARN_CONSTANT_CONVERSION = YES;
				CLANG_WARN_DEPRECATED_OBJC_IMPLEMENTATIONS = YES;
				CLANG_WARN_DIRECT_OBJC_ISA_USAGE = YES_ERROR;
				CLANG_WARN_DOCUMENTATION_COMMENTS = YES;
				CLANG_WARN_EMPTY_BODY = YES;
				CLANG_WARN_ENUM_CONVERSION = YES;
				CLANG_WARN_INFINITE_RECURSION = YES;
				CLANG_WARN_INT_CONVERSION = YES;
				CLANG_WARN_NON_LITERAL_NULL_CONVERSION = YES;
				CLANG_WARN_OBJC_IMPLICIT_RETAIN_SELF = YES;
				CLANG_WARN_OBJC_LITERAL_CONVERSION = YES;
				CLANG_WARN_OBJC_ROOT_CLASS = YES_ERROR;
				CLANG_WARN_QUOTED_INCLUDE_IN_FRAMEWORK_HEADER = YES;
				CLANG_WARN_RANGE_LOOP_ANALYSIS = YES;
				CLANG_WARN_STRICT_PROTOTYPES = YES;
				CLANG_WARN_SUSPICIOUS_MOVE = YES;
				CLANG_WARN_UNGUARDED_AVAILABILITY = YES_AGGRESSIVE;
				CLANG_WARN_UNREACHABLE_CODE = YES;
				CLANG_WARN__DUPLICATE_METHOD_MATCH = YES;
				COPY_PHASE_STRIP = NO;
				DEBUG_INFORMATION_FORMAT = dwarf;
				ENABLE_STRICT_OBJC_MSGSEND = YES;
				ENABLE_TESTABILITY = YES;
				GCC_C_LANGUAGE_STANDARD = gnu11;
				GCC_DYNAMIC_NO_PIC = NO;
				GCC_NO_COMMON_BLOCKS = YES;
				GCC_OPTIMIZATION_LEVEL = 0;
				GCC_PREPROCESSOR_DEFINITIONS = (
					"DEBUG=1",
					"$(inherited)",
				);
				GCC_WARN_64_TO_32_BIT_CONVERSION = YES;
				GCC_WARN_ABOUT_RETURN_TYPE = YES_ERROR;
				GCC_WARN_UNDECLARED_SELECTOR = YES;
				GCC_WARN_UNINITIALIZED_AUTOS = YES_AGGRESSIVE;
				GCC_WARN_UNUSED_FUNCTION = YES;
				GCC_WARN_UNUSED_VARIABLE = YES;
				IPHONEOS_DEPLOYMENT_TARGET = 16.4;
				MTL_ENABLE_DEBUG_INFO = INCLUDE_SOURCE;
				MTL_FAST_MATH = YES;
				ONLY_ACTIVE_ARCH = YES;
				SDKROOT = iphoneos;
				SWIFT_ACTIVE_COMPILATION_CONDITIONS = DEBUG;
				SWIFT_OPTIMIZATION_LEVEL = "-Onone";
			};
			name = Debug;
		};
		2E680DB12A0CCED00014C4E6 /* Release */ = {
			isa = XCBuildConfiguration;
			buildSettings = {
				ALWAYS_SEARCH_USER_PATHS = NO;
				CLANG_ANALYZER_NONNULL = YES;
				CLANG_ANALYZER_NUMBER_OBJECT_CONVERSION = YES_AGGRESSIVE;
				CLANG_CXX_LANGUAGE_STANDARD = "gnu++20";
				CLANG_ENABLE_MODULES = YES;
				CLANG_ENABLE_OBJC_ARC = YES;
				CLANG_ENABLE_OBJC_WEAK = YES;
				CLANG_WARN_BLOCK_CAPTURE_AUTORELEASING = YES;
				CLANG_WARN_BOOL_CONVERSION = YES;
				CLANG_WARN_COMMA = YES;
				CLANG_WARN_CONSTANT_CONVERSION = YES;
				CLANG_WARN_DEPRECATED_OBJC_IMPLEMENTATIONS = YES;
				CLANG_WARN_DIRECT_OBJC_ISA_USAGE = YES_ERROR;
				CLANG_WARN_DOCUMENTATION_COMMENTS = YES;
				CLANG_WARN_EMPTY_BODY = YES;
				CLANG_WARN_ENUM_CONVERSION = YES;
				CLANG_WARN_INFINITE_RECURSION = YES;
				CLANG_WARN_INT_CONVERSION = YES;
				CLANG_WARN_NON_LITERAL_NULL_CONVERSION = YES;
				CLANG_WARN_OBJC_IMPLICIT_RETAIN_SELF = YES;
				CLANG_WARN_OBJC_LITERAL_CONVERSION = YES;
				CLANG_WARN_OBJC_ROOT_CLASS = YES_ERROR;
				CLANG_WARN_QUOTED_INCLUDE_IN_FRAMEWORK_HEADER = YES;
				CLANG_WARN_RANGE_LOOP_ANALYSIS = YES;
				CLANG_WARN_STRICT_PROTOTYPES = YES;
				CLANG_WARN_SUSPICIOUS_MOVE = YES;
				CLANG_WARN_UNGUARDED_AVAILABILITY = YES_AGGRESSIVE;
				CLANG_WARN_UNREACHABLE_CODE = YES;
				CLANG_WARN__DUPLICATE_METHOD_MATCH = YES;
				COPY_PHASE_STRIP = NO;
				DEBUG_INFORMATION_FORMAT = "dwarf-with-dsym";
				ENABLE_NS_ASSERTIONS = NO;
				ENABLE_STRICT_OBJC_MSGSEND = YES;
				GCC_C_LANGUAGE_STANDARD = gnu11;
				GCC_NO_COMMON_BLOCKS = YES;
				GCC_WARN_64_TO_32_BIT_CONVERSION = YES;
				GCC_WARN_ABOUT_RETURN_TYPE = YES_ERROR;
				GCC_WARN_UNDECLARED_SELECTOR = YES;
				GCC_WARN_UNINITIALIZED_AUTOS = YES_AGGRESSIVE;
				GCC_WARN_UNUSED_FUNCTION = YES;
				GCC_WARN_UNUSED_VARIABLE = YES;
				IPHONEOS_DEPLOYMENT_TARGET = 16.4;
				MTL_ENABLE_DEBUG_INFO = NO;
				MTL_FAST_MATH = YES;
				SDKROOT = iphoneos;
				SWIFT_COMPILATION_MODE = wholemodule;
				SWIFT_OPTIMIZATION_LEVEL = "-O";
				VALIDATE_PRODUCT = YES;
			};
			name = Release;
		};
		2E680DB32A0CCED00014C4E6 /* Debug */ = {
			isa = XCBuildConfiguration;
			buildSettings = {
				ASSETCATALOG_COMPILER_APPICON_NAME = AppIcon;
				ASSETCATALOG_COMPILER_GLOBAL_ACCENT_COLOR_NAME = AccentColor;
				CODE_SIGN_STYLE = Automatic;
				CURRENT_PROJECT_VERSION = 1;
				DEVELOPMENT_ASSET_PATHS = "\"Wonders/Preview Content\"";
				DEVELOPMENT_TEAM = F7JY38PGBF;
				ENABLE_PREVIEWS = YES;
				GENERATE_INFOPLIST_FILE = YES;
				INFOPLIST_KEY_UIApplicationSceneManifest_Generation = YES;
				INFOPLIST_KEY_UIApplicationSupportsIndirectInputEvents = YES;
				INFOPLIST_KEY_UILaunchScreen_Generation = YES;
				INFOPLIST_KEY_UISupportedInterfaceOrientations = UIInterfaceOrientationPortrait;
				INFOPLIST_KEY_UISupportedInterfaceOrientations_iPad = "UIInterfaceOrientationLandscapeLeft UIInterfaceOrientationLandscapeRight UIInterfaceOrientationPortrait UIInterfaceOrientationPortraitUpsideDown";
				LD_RUNPATH_SEARCH_PATHS = (
					"$(inherited)",
					"@executable_path/Frameworks",
				);
				MARKETING_VERSION = 1.0;
				PRODUCT_BUNDLE_IDENTIFIER = in.ishaanbedi.Wonders;
				PRODUCT_NAME = "$(TARGET_NAME)";
				SWIFT_EMIT_LOC_STRINGS = YES;
				SWIFT_VERSION = 5.0;
				TARGETED_DEVICE_FAMILY = "1,2";
			};
			name = Debug;
		};
		2E680DB42A0CCED00014C4E6 /* Release */ = {
			isa = XCBuildConfiguration;
			buildSettings = {
				ASSETCATALOG_COMPILER_APPICON_NAME = AppIcon;
				ASSETCATALOG_COMPILER_GLOBAL_ACCENT_COLOR_NAME = AccentColor;
				CODE_SIGN_STYLE = Automatic;
				CURRENT_PROJECT_VERSION = 1;
				DEVELOPMENT_ASSET_PATHS = "\"Wonders/Preview Content\"";
				DEVELOPMENT_TEAM = F7JY38PGBF;
				ENABLE_PREVIEWS = YES;
				GENERATE_INFOPLIST_FILE = YES;
				INFOPLIST_KEY_UIApplicationSceneManifest_Generation = YES;
				INFOPLIST_KEY_UIApplicationSupportsIndirectInputEvents = YES;
				INFOPLIST_KEY_UILaunchScreen_Generation = YES;
				INFOPLIST_KEY_UISupportedInterfaceOrientations = UIInterfaceOrientationPortrait;
				INFOPLIST_KEY_UISupportedInterfaceOrientations_iPad = "UIInterfaceOrientationLandscapeLeft UIInterfaceOrientationLandscapeRight UIInterfaceOrientationPortrait UIInterfaceOrientationPortraitUpsideDown";
				LD_RUNPATH_SEARCH_PATHS = (
					"$(inherited)",
					"@executable_path/Frameworks",
				);
				MARKETING_VERSION = 1.0;
				PRODUCT_BUNDLE_IDENTIFIER = in.ishaanbedi.Wonders;
				PRODUCT_NAME = "$(TARGET_NAME)";
				SWIFT_EMIT_LOC_STRINGS = YES;
				SWIFT_VERSION = 5.0;
				TARGETED_DEVICE_FAMILY = "1,2";
			};
			name = Release;
		};
/* End XCBuildConfiguration section */

/* Begin XCConfigurationList section */
		2E680D9F2A0CCECE0014C4E6 /* Build configuration list for PBXProject "Wonders" */ = {
			isa = XCConfigurationList;
			buildConfigurations = (
				2E680DB02A0CCED00014C4E6 /* Debug */,
				2E680DB12A0CCED00014C4E6 /* Release */,
			);
			defaultConfigurationIsVisible = 0;
			defaultConfigurationName = Release;
		};
		2E680DB22A0CCED00014C4E6 /* Build configuration list for PBXNativeTarget "Wonders" */ = {
			isa = XCConfigurationList;
			buildConfigurations = (
				2E680DB32A0CCED00014C4E6 /* Debug */,
				2E680DB42A0CCED00014C4E6 /* Release */,
			);
			defaultConfigurationIsVisible = 0;
			defaultConfigurationName = Release;
		};
/* End XCConfigurationList section */
	};
	rootObject = 2E680D9C2A0CCECE0014C4E6 /* Project object */;
}
